
Microsoft Visual Studio Solution File, Format Version 12.00
# Visual Studio Version 17
VisualStudioVersion = 17.14.36408.4 d17.14
MinimumVisualStudioVersion = 10.0.40219.1
Project("{FAE04EC0-301F-11D3-BF4B-00C04F79EFBC}") = "StudentHelper", "StudentHelper.csproj", "{C989AE97-B84E-44FA-BCD9-0C832B5B2B5B}"
EndProject
Global
	GlobalSection(SolutionConfigurationPlatforms) = preSolution
		Debug|Any CPU = Debug|Any CPU
		Release|Any CPU = Release|Any CPU
	EndGlobalSection
	GlobalSection(ProjectConfigurationPlatforms) = postSolution
		{C989AE97-B84E-44FA-BCD9-0C832B5B2B5B}.Debug|Any CPU.ActiveCfg = Debug|Any CPU
		{C989AE97-B84E-44FA-BCD9-0C832B5B2B5B}.Debug|Any CPU.Build.0 = Debug|Any CPU
		{C989AE97-B84E-44FA-BCD9-0C832B5B2B5B}.Release|Any CPU.ActiveCfg = Release|Any CPU
		{C989AE97-B84E-44FA-BCD9-0C832B5B2B5B}.Release|Any CPU.Build.0 = Release|Any CPU
	EndGlobalSection
	GlobalSection(SolutionProperties) = preSolution
		HideSolutionNode = FALSE
	EndGlobalSection
	GlobalSection(ExtensibilityGlobals) = postSolution
		SolutionGuid = {3184049C-2B54-4984-969E-54146E62B040}
	EndGlobalSection
EndGlobal
